
Microsoft Visual Studio Solution File, Format Version 12.00
# Visual Studio Version 17
VisualStudioVersion = 17.11.35222.181
MinimumVisualStudioVersion = 10.0.40219.1
Project("{FAE04EC0-301F-11D3-BF4B-00C04F79EFBC}") = "egzaminInf042023", "egzaminInf042023\egzaminInf042023.csproj", "{1055EB4A-2F29-411B-8FD6-9BDBC7E9BBBD}"
EndProject
Global
	GlobalSection(SolutionConfigurationPlatforms) = preSolution
		Debug|Any CPU = Debug|Any CPU
		Release|Any CPU = Release|Any CPU
	EndGlobalSection
	GlobalSection(ProjectConfigurationPlatforms) = postSolution
		{1055EB4A-2F29-411B-8FD6-9BDBC7E9BBBD}.Debug|Any CPU.ActiveCfg = Debug|Any CPU
		{1055EB4A-2F29-411B-8FD6-9BDBC7E9BBBD}.Debug|Any CPU.Build.0 = Debug|Any CPU
		{1055EB4A-2F29-411B-8FD6-9BDBC7E9BBBD}.Release|Any CPU.ActiveCfg = Release|Any CPU
		{1055EB4A-2F29-411B-8FD6-9BDBC7E9BBBD}.Release|Any CPU.Build.0 = Release|Any CPU
	EndGlobalSection
	GlobalSection(SolutionProperties) = preSolution
		HideSolutionNode = FALSE
	EndGlobalSection
	GlobalSection(ExtensibilityGlobals) = postSolution
		SolutionGuid = {AEA2265E-C384-4740-BA2C-0BB53684734A}
	EndGlobalSection
EndGlobal
